
Microsoft Visual Studio Solution File, Format Version 12.00
# Visual Studio Version 17
VisualStudioVersion = 17.9.34728.123
MinimumVisualStudioVersion = 10.0.40219.1
Project("{FAE04EC0-301F-11D3-BF4B-00C04F79EFBC}") = "CityProject", "CityProject\CityProject.csproj", "{78D31CCD-12DB-4934-8F37-09664F2BDFA8}"
EndProject
Project("{FAE04EC0-301F-11D3-BF4B-00C04F79EFBC}") = "CityProject.Tests", "CityProject.Tests\CityProject.Tests.csproj", "{DA9F4D75-DD64-4306-B985-A78F52D957EF}"
EndProject
Global
	GlobalSection(SolutionConfigurationPlatforms) = preSolution
		Debug|Any CPU = Debug|Any CPU
		Release|Any CPU = Release|Any CPU
	EndGlobalSection
	GlobalSection(ProjectConfigurationPlatforms) = postSolution
		{78D31CCD-12DB-4934-8F37-09664F2BDFA8}.Debug|Any CPU.ActiveCfg = Debug|Any CPU
		{78D31CCD-12DB-4934-8F37-09664F2BDFA8}.Debug|Any CPU.Build.0 = Debug|Any CPU
		{78D31CCD-12DB-4934-8F37-09664F2BDFA8}.Release|Any CPU.ActiveCfg = Release|Any CPU
		{78D31CCD-12DB-4934-8F37-09664F2BDFA8}.Release|Any CPU.Build.0 = Release|Any CPU
		{DA9F4D75-DD64-4306-B985-A78F52D957EF}.Debug|Any CPU.ActiveCfg = Debug|Any CPU
		{DA9F4D75-DD64-4306-B985-A78F52D957EF}.Debug|Any CPU.Build.0 = Debug|Any CPU
		{DA9F4D75-DD64-4306-B985-A78F52D957EF}.Release|Any CPU.ActiveCfg = Release|Any CPU
		{DA9F4D75-DD64-4306-B985-A78F52D957EF}.Release|Any CPU.Build.0 = Release|Any CPU
	EndGlobalSection
	GlobalSection(SolutionProperties) = preSolution
		HideSolutionNode = FALSE
	EndGlobalSection
	GlobalSection(ExtensibilityGlobals) = postSolution
		SolutionGuid = {6C4B7C83-466F-4821-8A76-E42D81307B17}
	EndGlobalSection
EndGlobal
